lockfileVersion: '6.0'

settings:
  autoInstallPeers: true
  excludeLinksFromLockfile: false

overrides:
  fast-uri: 3.1.5
  hono: 4.13.2
  ip-address: 10.4.0
  '@hono/node-server': '>=1.19.15'

importers:

  .:
    devDependencies:
      '@agentplat/audit':
        specifier: workspace:*
        version: link:packages/audit
      '@agentplat/audit-postgres':
        specifier: workspace:*
        version: link:packages/audit-postgres
      '@agentplat/auth':
        specifier: workspace:*
        version: link:packages/auth
      '@agentplat/collective-control':
        specifier: workspace:*
        version: link:packages/collective-control
      '@agentplat/collective-control-postgres':
        specifier: workspace:*
        version: link:packages/collective-control-postgres
      '@agentplat/collective-host':
        specifier: workspace:*
        version: link:packages/collective-host
      '@agentplat/collective-host-postgres':
        specifier: workspace:*
        version: link:packages/collective-host-postgres
      '@agentplat/collective-membership':
        specifier: workspace:*
        version: link:packages/collective-membership
      '@agentplat/collective-membership-postgres':
        specifier: workspace:*
        version: link:packages/collective-membership-postgres
      '@agentplat/collective-planning':
        specifier: workspace:*
        version: link:packages/collective-planning
      '@agentplat/collective-quorum':
        specifier: workspace:*
        version: link:packages/collective-quorum
      '@agentplat/collective-quorum-postgres':
        specifier: workspace:*
        version: link:packages/collective-quorum-postgres
      '@agentplat/collective-runtime':
        specifier: workspace:*
        version: link:packages/collective-runtime
      '@agentplat/collective-sync':
        specifier: workspace:*
        version: link:packages/collective-sync
      '@agentplat/collective-sync-postgres':
        specifier: workspace:*
        version: link:packages/collective-sync-postgres
      '@agentplat/core':
        specifier: workspace:*
        version: link:packages/core
      '@agentplat/events':
        specifier: workspace:*
        version: link:packages/events
      '@agentplat/framework':
        specifier: workspace:*
        version: link:packages/framework
      '@agentplat/inference-control':
        specifier: workspace:*
        version: link:packages/inference-control
      '@agentplat/interop':
        specifier: workspace:*
        version: link:packages/interop
      '@agentplat/interop-postgres':
        specifier: workspace:*
        version: link:packages/interop-postgres
      '@agentplat/mcp':
        specifier: workspace:*
        version: link:packages/mcp
      '@agentplat/memory':
        specifier: workspace:*
        version: link:packages/memory
      '@agentplat/mesh':
        specifier: workspace:*
        version: link:packages/mesh
      '@agentplat/mesh-conformance':
        specifier: workspace:*
        version: link:packages/mesh-conformance
      '@agentplat/mesh-crypto':
        specifier: workspace:*
        version: link:packages/mesh-crypto
      '@agentplat/mesh-http':
        specifier: workspace:*
        version: link:packages/mesh-http
      '@agentplat/mesh-postgres':
        specifier: workspace:*
        version: link:packages/mesh-postgres
      '@agentplat/mesh-protocol':
        specifier: workspace:*
        version: link:packages/mesh-protocol
      '@agentplat/mesh-sim':
        specifier: workspace:*
        version: link:packages/mesh-sim
      '@agentplat/mesh-sim-local':
        specifier: workspace:*
        version: link:packages/mesh-sim-local
      '@agentplat/mesh-sim-postgres':
        specifier: workspace:*
        version: link:packages/mesh-sim-postgres
      '@agentplat/model':
        specifier: workspace:*
        version: link:packages/model
      '@agentplat/model-openai-compatible':
        specifier: workspace:*
        version: link:packages/model-openai-compatible
      '@agentplat/planning-artifacts':
        specifier: workspace:*
        version: link:packages/planning-artifacts
      '@agentplat/planning-artifacts-postgres':
        specifier: workspace:*
        version: link:packages/planning-artifacts-postgres
      '@agentplat/postgres':
        specifier: workspace:*
        version: link:packages/postgres
      '@agentplat/provider-openai':
        specifier: workspace:*
        version: link:packages/provider-openai
      '@agentplat/rooms':
        specifier: workspace:*
        version: link:packages/rooms
      '@agentplat/rooms-api':
        specifier: workspace:*
        version: link:packages/rooms-api
      '@agentplat/rooms-mesh':
        specifier: workspace:*
        version: link:packages/rooms-mesh
      '@agentplat/rooms-postgres':
        specifier: workspace:*
        version: link:packages/rooms-postgres
      '@agentplat/runtime':
        specifier: workspace:*
        version: link:packages/runtime
      '@agentplat/runtime-mock':
        specifier: workspace:*
        version: link:packages/runtime-mock
      '@agentplat/sessions':
        specifier: workspace:*
        version: link:packages/sessions
      '@agentplat/sessions-redis':
        specifier: workspace:*
        version: link:packages/sessions-redis
      '@agentplat/streaming':
        specifier: workspace:*
        version: link:packages/streaming
      '@agentplat/tools':
        specifier: workspace:*
        version: link:packages/tools
      '@agentplat/trust':
        specifier: workspace:*
        version: link:packages/trust
      '@agentplat/workflows':
        specifier: workspace:*
        version: link:packages/workflows
      pg:
        specifier: ^8.23.0
        version: 8.23.0
      prettier:
        specifier: ^3.1.0
        version: 3.9.4
      semver:
        specifier: ^7.7.2
        version: 7.8.5
      typescript:
        specifier: ^5.3.0
        version: 5.9.3

  packages/audit:
    dependencies:
      '@agentplat/core':
        specifier: workspace:^
        version: link:../core
      '@agentplat/sessions':
        specifier: workspace:^
        version: link:../sessions

  packages/audit-postgres:
    dependencies:
      '@agentplat/audit':
        specifier: workspace:^
        version: link:../audit
      '@agentplat/core':
        specifier: workspace:^
        version: link:../core
      '@agentplat/postgres':
        specifier: workspace:^
        version: link:../postgres
      '@agentplat/sessions':
        specifier: workspace:^
        version: link:../sessions
      '@types/pg':
        specifier: ^8.21.0
        version: 8.21.0
      pg:
        specifier: ^8.23.0
        version: 8.23.0
    devDependencies:
      '@types/node':
        specifier: ^26.2.0
        version: 26.2.0

  packages/auth:
    dependencies:
      '@agentplat/core':
        specifier: workspace:^
        version: link:../core

  packages/collective-control:
    dependencies:
      '@agentplat/core':
        specifier: workspace:^
        version: link:../core
      '@agentplat/inference-control':
        specifier: workspace:^
        version: link:../inference-control
      '@agentplat/mesh':
        specifier: workspace:^
        version: link:../mesh
      '@agentplat/mesh-protocol':
        specifier: workspace:^
        version: link:../mesh-protocol
      '@agentplat/rooms':
        specifier: workspace:^
        version: link:../rooms
      '@agentplat/trust':
        specifier: workspace:^
        version: link:../trust

  packages/collective-control-postgres:
    dependencies:
      '@agentplat/collective-control':
        specifier: workspace:^
        version: link:../collective-control
      '@agentplat/inference-control':
        specifier: workspace:^
        version: link:../inference-control
      '@agentplat/postgres':
        specifier: workspace:^
        version: link:../postgres
      '@types/node':
        specifier: ^26.2.0
        version: 26.2.0
      '@types/pg':
        specifier: ^8.21.0
        version: 8.21.0
      pg:
        specifier: ^8.23.0
        version: 8.23.0

  packages/collective-host:
    dependencies:
      '@agentplat/audit':
        specifier: workspace:^
        version: link:../audit
      '@agentplat/collective-control':
        specifier: workspace:^
        version: link:../collective-control
      '@agentplat/collective-membership':
        specifier: workspace:^
        version: link:../collective-membership
      '@agentplat/collective-planning':
        specifier: workspace:^
        version: link:../collective-planning
      '@agentplat/collective-quorum':
        specifier: workspace:^
        version: link:../collective-quorum
      '@agentplat/collective-runtime':
        specifier: workspace:^
        version: link:../collective-runtime
      '@agentplat/core':
        specifier: workspace:^
        version: link:../core
      '@agentplat/inference-control':
        specifier: workspace:^
        version: link:../inference-control
      '@agentplat/mesh':
        specifier: workspace:^
        version: link:../mesh
      '@agentplat/runtime':
        specifier: workspace:^
        version: link:../runtime
      '@agentplat/trust':
        specifier: workspace:^
        version: link:../trust

  packages/collective-host-postgres:
    dependencies:
      '@agentplat/collective-control':
        specifier: workspace:^
        version: link:../collective-control
      '@agentplat/collective-host':
        specifier: workspace:^
        version: link:../collective-host
      '@agentplat/inference-control':
        specifier: workspace:^
        version: link:../inference-control
      '@agentplat/interop':
        specifier: workspace:^
        version: link:../interop
      '@agentplat/postgres':
        specifier: workspace:^
        version: link:../postgres
      '@agentplat/trust':
        specifier: workspace:^
        version: link:../trust
      '@types/pg':
        specifier: ^8.21.0
        version: 8.21.0
      pg:
        specifier: ^8.23.0
        version: 8.23.0
    devDependencies:
      '@types/node':
        specifier: ^26.2.0
        version: 26.2.0
      typescript:
        specifier: ^5.3.0
        version: 5.9.3

  packages/collective-membership:
    dependencies:
      '@agentplat/collective-quorum':
        specifier: workspace:^
        version: link:../collective-quorum
      '@agentplat/mesh-crypto':
        specifier: workspace:^
        version: link:../mesh-crypto
      '@agentplat/mesh-protocol':
        specifier: workspace:^
        version: link:../mesh-protocol

  packages/collective-membership-postgres:
    dependencies:
      '@agentplat/collective-membership':
        specifier: workspace:^
        version: link:../collective-membership
      '@agentplat/postgres':
        specifier: workspace:^
        version: link:../postgres
      '@types/node':
        specifier: ^26.2.0
        version: 26.2.0
      '@types/pg':
        specifier: ^8.21.0
        version: 8.21.0
      pg:
        specifier: ^8.23.0
        version: 8.23.0

  packages/collective-planning:
    dependencies:
      '@agentplat/collective-control':
        specifier: workspace:^
        version: link:../collective-control
      '@agentplat/core':
        specifier: workspace:^
        version: link:../core
      '@agentplat/mesh':
        specifier: workspace:^
        version: link:../mesh
      '@agentplat/mesh-protocol':
        specifier: workspace:^
        version: link:../mesh-protocol

  packages/collective-quorum:
    dependencies:
      '@agentplat/collective-control':
        specifier: workspace:^
        version: link:../collective-control
      '@agentplat/collective-planning':
        specifier: workspace:^
        version: link:../collective-planning
      '@agentplat/collective-runtime':
        specifier: workspace:^
        version: link:../collective-runtime
      '@agentplat/inference-control':
        specifier: workspace:^
        version: link:../inference-control
      '@agentplat/mesh':
        specifier: workspace:^
        version: link:../mesh
      '@agentplat/mesh-crypto':
        specifier: workspace:^
        version: link:../mesh-crypto
      '@agentplat/mesh-protocol':
        specifier: workspace:^
        version: link:../mesh-protocol
      '@agentplat/trust':
        specifier: workspace:^
        version: link:../trust

  packages/collective-quorum-postgres:
    dependencies:
      '@agentplat/collective-quorum':
        specifier: workspace:^
        version: link:../collective-quorum
      '@agentplat/postgres':
        specifier: workspace:^
        version: link:../postgres
      '@types/node':
        specifier: ^26.2.0
        version: 26.2.0
      '@types/pg':
        specifier: ^8.21.0
        version: 8.21.0
      pg:
        specifier: ^8.23.0
        version: 8.23.0

  packages/collective-runtime:
    dependencies:
      '@agentplat/collective-control':
        specifier: workspace:^
        version: link:../collective-control
      '@agentplat/collective-planning':
        specifier: workspace:^
        version: link:../collective-planning
      '@agentplat/core':
        specifier: workspace:^
        version: link:../core
      '@agentplat/inference-control':
        specifier: workspace:^
        version: link:../inference-control
      '@agentplat/mesh':
        specifier: workspace:^
        version: link:../mesh
      '@agentplat/mesh-crypto':
        specifier: workspace:^
        version: link:../mesh-crypto
      '@agentplat/mesh-protocol':
        specifier: workspace:^
        version: link:../mesh-protocol
      '@agentplat/runtime':
        specifier: workspace:^
        version: link:../runtime

  packages/collective-sync:
    dependencies:
      '@agentplat/collective-quorum':
        specifier: workspace:^
        version: link:../collective-quorum
      '@agentplat/mesh-crypto':
        specifier: workspace:^
        version: link:../mesh-crypto
      '@agentplat/mesh-protocol':
        specifier: workspace:^
        version: link:../mesh-protocol

  packages/collective-sync-postgres:
    dependencies:
      '@agentplat/collective-runtime':
        specifier: workspace:^
        version: link:../collective-runtime
      '@agentplat/collective-sync':
        specifier: workspace:^
        version: link:../collective-sync
      '@agentplat/mesh-protocol':
        specifier: workspace:^
        version: link:../mesh-protocol
      '@agentplat/postgres':
        specifier: workspace:^
        version: link:../postgres
      '@types/node':
        specifier: ^26.2.0
        version: 26.2.0
      '@types/pg':
        specifier: ^8.21.0
        version: 8.21.0
      pg:
        specifier: ^8.23.0
        version: 8.23.0

  packages/core: {}

  packages/events:
    dependencies:
      '@agentplat/core':
        specifier: workspace:^
        version: link:../core

  packages/framework:
    dependencies:
      '@agentplat/collective-runtime':
        specifier: workspace:^
        version: link:../collective-runtime
      '@agentplat/core':
        specifier: workspace:^
        version: link:../core
      '@agentplat/model':
        specifier: workspace:^
        version: link:../model
      '@agentplat/model-openai-compatible':
        specifier: workspace:^
        version: link:../model-openai-compatible
      '@agentplat/rooms':
        specifier: workspace:^
        version: link:../rooms
      '@agentplat/runtime':
        specifier: workspace:^
        version: link:../runtime
      '@agentplat/sessions':
        specifier: workspace:^
        version: link:../sessions
      '@agentplat/streaming':
        specifier: workspace:^
        version: link:../streaming

  packages/inference-control:
    dependencies:
      '@agentplat/core':
        specifier: workspace:^
        version: link:../core
      '@agentplat/model':
        specifier: workspace:^
        version: link:../model
      '@agentplat/runtime':
        specifier: workspace:^
        version: link:../runtime
      '@agentplat/streaming':
        specifier: workspace:^
        version: link:../streaming
      '@agentplat/tools':
        specifier: workspace:^
        version: link:../tools
      '@agentplat/trust':
        specifier: workspace:^
        version: link:../trust

  packages/interop:
    dependencies:
      '@agentplat/collective-membership':
        specifier: workspace:^
        version: link:../collective-membership
      '@agentplat/core':
        specifier: workspace:^
        version: link:../core
      '@agentplat/runtime':
        specifier: workspace:^
        version: link:../runtime

  packages/interop-postgres:
    dependencies:
      '@agentplat/interop':
        specifier: workspace:^
        version: link:../interop
      '@agentplat/postgres':
        specifier: workspace:^
        version: link:../postgres
      '@agentplat/runtime':
        specifier: workspace:^
        version: link:../runtime
      '@types/pg':
        specifier: ^8.21.0
        version: 8.21.0
      pg:
        specifier: ^8.23.0
        version: 8.23.0
    devDependencies:
      '@types/node':
        specifier: ^26.2.0
        version: 26.2.0
      typescript:
        specifier: ^5.3.0
        version: 5.9.3

  packages/mcp:
    dependencies:
      '@agentplat/core':
        specifier: workspace:^
        version: link:../core
      '@agentplat/tools':
        specifier: workspace:^
        version: link:../tools

  packages/memory:
    dependencies:
      '@agentplat/core':
        specifier: workspace:^
        version: link:../core

  packages/mesh:
    dependencies:
      '@agentplat/mesh-crypto':
        specifier: workspace:^
        version: link:../mesh-crypto
      '@agentplat/mesh-protocol':
        specifier: workspace:^
        version: link:../mesh-protocol
      '@agentplat/trust':
        specifier: workspace:^
        version: link:../trust

  packages/mesh-conformance:
    dependencies:
      '@agentplat/collective-control':
        specifier: workspace:^
        version: link:../collective-control
      '@agentplat/collective-planning':
        specifier: workspace:^
        version: link:../collective-planning
      '@agentplat/inference-control':
        specifier: workspace:^
        version: link:../inference-control
      '@agentplat/mesh':
        specifier: workspace:^
        version: link:../mesh
      '@agentplat/mesh-protocol':
        specifier: workspace:^
        version: link:../mesh-protocol
      '@agentplat/rooms-mesh':
        specifier: workspace:^
        version: link:../rooms-mesh

  packages/mesh-crypto:
    dependencies:
      '@agentplat/mesh-protocol':
        specifier: workspace:^
        version: link:../mesh-protocol

  packages/mesh-http:
    dependencies:
      '@agentplat/mesh':
        specifier: workspace:^
        version: link:../mesh
      '@agentplat/mesh-protocol':
        specifier: workspace:^
        version: link:../mesh-protocol

  packages/mesh-postgres:
    dependencies:
      '@agentplat/collective-planning':
        specifier: workspace:^
        version: link:../collective-planning
      '@agentplat/mesh':
        specifier: workspace:^
        version: link:../mesh
      '@agentplat/mesh-protocol':
        specifier: workspace:^
        version: link:../mesh-protocol
      '@agentplat/postgres':
        specifier: workspace:^
        version: link:../postgres
      '@types/node':
        specifier: ^26.2.0
        version: 26.2.0
      '@types/pg':
        specifier: ^8.21.0
        version: 8.21.0
      pg:
        specifier: ^8.23.0
        version: 8.23.0

  packages/mesh-protocol:
    dependencies:
      '@agentplat/trust':
        specifier: workspace:^
        version: link:../trust

  packages/mesh-sim:
    dependencies:
      '@agentplat/collective-control':
        specifier: workspace:^
        version: link:../collective-control
      '@agentplat/collective-host':
        specifier: workspace:^
        version: link:../collective-host
      '@agentplat/collective-planning':
        specifier: workspace:^
        version: link:../collective-planning
      '@agentplat/collective-quorum':
        specifier: workspace:^
        version: link:../collective-quorum
      '@agentplat/inference-control':
        specifier: workspace:^
        version: link:../inference-control
      '@agentplat/mesh':
        specifier: workspace:^
        version: link:../mesh
      '@agentplat/mesh-crypto':
        specifier: workspace:^
        version: link:../mesh-crypto
      '@agentplat/mesh-protocol':
        specifier: workspace:^
        version: link:../mesh-protocol
      '@agentplat/runtime':
        specifier: workspace:^
        version: link:../runtime
      '@agentplat/runtime-mock':
        specifier: workspace:^
        version: link:../runtime-mock
      '@agentplat/sessions':
        specifier: workspace:^
        version: link:../sessions
      '@agentplat/trust':
        specifier: workspace:^
        version: link:../trust

  packages/mesh-sim-local:
    dependencies:
      '@agentplat/mesh-sim':
        specifier: workspace:^
        version: link:../mesh-sim
    devDependencies:
      '@types/node':
        specifier: ^26.2.0
        version: 26.2.0

  packages/mesh-sim-postgres:
    dependencies:
      '@agentplat/collective-planning':
        specifier: workspace:^
        version: link:../collective-planning
      '@agentplat/mesh-sim':
        specifier: workspace:^
        version: link:../mesh-sim
      '@agentplat/postgres':
        specifier: workspace:^
        version: link:../postgres
      '@types/node':
        specifier: ^26.2.0
        version: 26.2.0
      '@types/pg':
        specifier: ^8.21.0
        version: 8.21.0
      pg:
        specifier: ^8.23.0
        version: 8.23.0

  packages/model:
    dependencies:
      '@agentplat/core':
        specifier: workspace:^
        version: link:../core

  packages/model-anthropic:
    dependencies:
      '@agentplat/core':
        specifier: workspace:^
        version: link:../core
      '@agentplat/model':
        specifier: workspace:^
        version: link:../model

  packages/model-gemini:
    dependencies:
      '@agentplat/core':
        specifier: workspace:^
        version: link:../core
      '@agentplat/model':
        specifier: workspace:^
        version: link:../model

  packages/model-openai-compatible:
    dependencies:
      '@agentplat/core':
        specifier: workspace:^
        version: link:../core
      '@agentplat/model':
        specifier: workspace:^
        version: link:../model

  packages/planning-artifacts:
    dependencies:
      '@agentplat/collective-planning':
        specifier: workspace:^
        version: link:../collective-planning
      '@agentplat/collective-quorum':
        specifier: workspace:^
        version: link:../collective-quorum
      '@agentplat/collective-sync':
        specifier: workspace:^
        version: link:../collective-sync
      '@agentplat/mesh-crypto':
        specifier: workspace:^
        version: link:../mesh-crypto
      '@agentplat/mesh-protocol':
        specifier: workspace:^
        version: link:../mesh-protocol

  packages/planning-artifacts-postgres:
    dependencies:
      '@agentplat/collective-planning':
        specifier: workspace:^
        version: link:../collective-planning
      '@agentplat/mesh-protocol':
        specifier: workspace:^
        version: link:../mesh-protocol
      '@agentplat/planning-artifacts':
        specifier: workspace:^
        version: link:../planning-artifacts
      '@agentplat/postgres':
        specifier: workspace:^
        version: link:../postgres
      '@types/node':
        specifier: ^26.2.0
        version: 26.2.0
      '@types/pg':
        specifier: ^8.21.0
        version: 8.21.0
      pg:
        specifier: ^8.23.0
        version: 8.23.0

  packages/postgres:
    dependencies:
      '@types/node':
        specifier: ^26.2.0
        version: 26.2.0
      '@types/pg':
        specifier: ^8.21.0
        version: 8.21.0
      pg:
        specifier: ^8.23.0
        version: 8.23.0

  packages/provider-openai:
    dependencies:
      '@agentplat/core':
        specifier: workspace:^
        version: link:../core
      '@agentplat/runtime':
        specifier: workspace:^
        version: link:../runtime
      '@openai/agents':
        specifier: ^0.15.0
        version: 0.15.0(zod@4.4.3)
      zod:
        specifier: ^4.0.0
        version: 4.4.3

  packages/rooms:
    dependencies:
      '@agentplat/core':
        specifier: workspace:^
        version: link:../core
      '@agentplat/events':
        specifier: workspace:^
        version: link:../events
      '@agentplat/runtime':
        specifier: workspace:^
        version: link:../runtime
      '@agentplat/sessions':
        specifier: workspace:^
        version: link:../sessions

  packages/rooms-api:
    dependencies:
      '@agentplat/core':
        specifier: workspace:^
        version: link:../core
      '@agentplat/rooms':
        specifier: workspace:^
        version: link:../rooms
      hono:
        specifier: 4.13.2
        version: 4.13.2
    devDependencies:
      typescript:
        specifier: ^5.3.0
        version: 5.9.3

  packages/rooms-mesh:
    dependencies:
      '@agentplat/collective-control':
        specifier: workspace:^
        version: link:../collective-control
      '@agentplat/mesh':
        specifier: workspace:^
        version: link:../mesh
      '@agentplat/mesh-protocol':
        specifier: workspace:^
        version: link:../mesh-protocol
      '@agentplat/rooms':
        specifier: workspace:^
        version: link:../rooms

  packages/rooms-postgres:
    dependencies:
      '@agentplat/core':
        specifier: workspace:^
        version: link:../core
      '@agentplat/postgres':
        specifier: workspace:^
        version: link:../postgres
      '@agentplat/rooms':
        specifier: workspace:^
        version: link:../rooms
      '@types/pg':
        specifier: ^8.21.0
        version: 8.21.0
      pg:
        specifier: ^8.23.0
        version: 8.23.0
    devDependencies:
      '@types/node':
        specifier: ^26.2.0
        version: 26.2.0

  packages/runtime:
    dependencies:
      '@agentplat/core':
        specifier: workspace:^
        version: link:../core
      '@agentplat/model':
        specifier: workspace:^
        version: link:../model
      '@agentplat/tools':
        specifier: workspace:^
        version: link:../tools
      '@agentplat/workflows':
        specifier: workspace:^
        version: link:../workflows

  packages/runtime-mock:
    dependencies:
      '@agentplat/core':
        specifier: workspace:^
        version: link:../core
      '@agentplat/runtime':
        specifier: workspace:^
        version: link:../runtime

  packages/sessions:
    dependencies:
      '@agentplat/core':
        specifier: workspace:^
        version: link:../core
      '@agentplat/runtime':
        specifier: workspace:^
        version: link:../runtime
      '@agentplat/streaming':
        specifier: workspace:^
        version: link:../streaming

  packages/sessions-redis:
    dependencies:
      '@agentplat/core':
        specifier: workspace:^
        version: link:../core
      '@agentplat/sessions':
        specifier: workspace:^
        version: link:../sessions
    devDependencies:
      '@types/node':
        specifier: ^26.2.0
        version: 26.2.0

  packages/streaming:
    dependencies:
      '@agentplat/core':
        specifier: workspace:^
        version: link:../core
      '@agentplat/runtime':
        specifier: workspace:^
        version: link:../runtime

  packages/tools:
    dependencies:
      '@agentplat/core':
        specifier: workspace:^
        version: link:../core

  packages/trust:
    dependencies:
      '@agentplat/core':
        specifier: workspace:^
        version: link:../core

  packages/workflows:
    dependencies:
      '@agentplat/core':
        specifier: workspace:^
        version: link:../core

packages:

  /@modelcontextprotocol/client@2.0.0:
    resolution: {integrity: sha512-8f1OghQ2rjzIOfqgUCP+8GiUWqRs89njoWLNqAe8kWmDePv3s1fZXseej+QXemssEuuOvLLmLO/kqM3IQHtISw==}
    engines: {node: '>=20'}
    requiresBuild: true
    dependencies:
      '@modelcontextprotocol/core': 2.0.0
      cross-spawn: 7.0.6
      eventsource: 3.0.7
      eventsource-parser: 3.1.1
      jose: 6.2.9
      pkce-challenge: 5.0.1
      zod: 4.4.3
    dev: false
    optional: true

  /@modelcontextprotocol/core@2.0.0:
    resolution: {integrity: sha512-pJCEwGG7Lfr/+PQp9ZTwKXNeO5wzbfKL7H3MYpCorM4oFBoQrdjnBgEoqG+RjhsvS1FKrDbKux+M1HhlnGWqcA==}
    engines: {node: '>=20'}
    requiresBuild: true
    dependencies:
      zod: 4.4.3
    dev: false
    optional: true

  /@openai/agents-core@0.15.0(ws@8.21.3)(zod@4.4.3):
    resolution: {integrity: sha512-5kd9RzlyhPCA133RsfXb5j8BMx96zQB602Psak5KHQxhi22z5I+z2FDwnzW3CWoNIyNBelQDS1fgAQ+Yek/ofA==}
    peerDependencies:
      zod: ^4.0.0
    peerDependenciesMeta:
      zod:
        optional: true
    dependencies:
      debug: 4.4.3
      openai: 7.5.0(ws@8.21.3)(zod@4.4.3)
      zod: 4.4.3
    optionalDependencies:
      '@modelcontextprotocol/client': 2.0.0
    transitivePeerDependencies:
      - '@aws-sdk/credential-provider-node'
      - '@smithy/hash-node'
      - '@smithy/signature-v4'
      - supports-color
      - ws
    dev: false

  /@openai/agents-openai@0.15.0(zod@4.4.3):
    resolution: {integrity: sha512-ntZ9abweLpFz8KmQsOWXMP9i4gbqcEWFpCrYzQUVuZJWheyNGU7X9Iy3WY9ktL+VE8jUlYZiONr+J7lYkASRAg==}
    peerDependencies:
      zod: ^4.0.0
    dependencies:
      '@openai/agents-core': 0.15.0(ws@8.21.3)(zod@4.4.3)
      debug: 4.4.3
      openai: 7.5.0(ws@8.21.3)(zod@4.4.3)
      zod: 4.4.3
    transitivePeerDependencies:
      - '@aws-sdk/credential-provider-node'
      - '@smithy/hash-node'
      - '@smithy/signature-v4'
      - supports-color
      - ws
    dev: false

  /@openai/agents-realtime@0.15.0(zod@4.4.3):
    resolution: {integrity: sha512-guIIPZEIFMxrHxfYcM22vUE9J36492NrY8N/flRUZXCYYC/FPMpaARTCbxdI/X71Gx9Nu8/SV0jbHEKAs67yFQ==}
    peerDependencies:
      zod: ^4.0.0
    dependencies:
      '@openai/agents-core': 0.15.0(ws@8.21.3)(zod@4.4.3)
      '@types/ws': 8.18.1
      debug: 4.4.3
      ws: 8.21.3
      zod: 4.4.3
    transitivePeerDependencies:
      - '@aws-sdk/credential-provider-node'
      - '@smithy/hash-node'
      - '@smithy/signature-v4'
      - bufferutil
      - supports-color
      - utf-8-validate
    dev: false

  /@openai/agents@0.15.0(zod@4.4.3):
    resolution: {integrity: sha512-O7a1CSeUmfTPHD8Hu5D3wA0nAQsw0feobn81jP5XHSevMRjuAeAJX2Cw8ApEC236J/OfF+zYAVVDFFxWCcZMYA==}
    peerDependencies:
      zod: ^4.0.0
    dependencies:
      '@openai/agents-core': 0.15.0(ws@8.21.3)(zod@4.4.3)
      '@openai/agents-openai': 0.15.0(zod@4.4.3)
      '@openai/agents-realtime': 0.15.0(zod@4.4.3)
      debug: 4.4.3
      openai: 7.5.0(ws@8.21.3)(zod@4.4.3)
      zod: 4.4.3
    transitivePeerDependencies:
      - '@aws-sdk/credential-provider-node'
      - '@smithy/hash-node'
      - '@smithy/signature-v4'
      - bufferutil
      - supports-color
      - utf-8-validate
      - ws
    dev: false

  /@types/node@26.2.0:
    resolution: {integrity: sha512-5IviulTZeRNp2vAJ514cc/HUlY5nZ9fCbq9DMyC52BrhFZACo3nI0R7qBxhQmo/d27NFe96ur/b7Wwxklda+kg==}
    dependencies:
      undici-types: 8.3.0

  /@types/pg@8.21.0:
    resolution: {integrity: sha512-AYdtudzabjLZgVgRZmAnU8bAnVUXzuJX2IYHeSIiIHm68olD+LgQYCGWdtcNYnP0uq9c4S4NibVG3Ni7VbKW7Q==}
    dependencies:
      '@types/node': 26.2.0
      pg-protocol: 1.16.0
      pg-types: 2.2.0
    dev: false

  /@types/ws@8.18.1:
    resolution: {integrity: sha512-ThVF6DCVhA8kUGy+aazFQ4kXQ7E1Ty7A3ypFOe0IcJV8O/M511G99AW24irKrW56Wt44yG9+ij8FaqoBGkuBXg==}
    dependencies:
      '@types/node': 26.2.0
    dev: false

  /cross-spawn@7.0.6:
    resolution: {integrity: sha512-uV2QOWP2nWzsy2aMp8aRibhi9dlzF5Hgh5SHaB9OiTGEyDTiJJyx0uy51QXdyWbtAHNua4XJzUKca3OzKUd3vA==}
    engines: {node: '>= 8'}
    requiresBuild: true
    dependencies:
      path-key: 3.1.1
      shebang-command: 2.0.0
      which: 2.0.2
    dev: false
    optional: true

  /debug@4.4.3:
    resolution: {integrity: sha512-RGwwWnwQvkVfavKVt22FGLw+xYSdzARwm0ru6DhTVA3umU5hZc28V3kO4stgYryrTlLpuvgI9GiijltAjNbcqA==}
    engines: {node: '>=6.0'}
    peerDependencies:
      supports-color: '*'
    peerDependenciesMeta:
      supports-color:
        optional: true
    dependencies:
      ms: 2.1.3
    dev: false

  /eventsource-parser@3.1.1:
    resolution: {integrity: sha512-EKN1vKAMcZ8MlYMpaNuxN6R9yakzH6uajHcHVTqWJzvu5pWw9DyhbP35HH8MVBQ+dZjAfDxk+A8NiR9KWaXiyQ==}
    engines: {node: '>=18.0.0'}
    requiresBuild: true
    dev: false
    optional: true

  /eventsource@3.0.7:
    resolution: {integrity: sha512-CRT1WTyuQoD771GW56XEZFQ/ZoSfWid1alKGDYMmkt2yl8UXrVR4pspqWNEcqKvVIzg6PAltWjxcSSPrboA4iA==}
    engines: {node: '>=18.0.0'}
    requiresBuild: true
    dependencies:
      eventsource-parser: 3.1.1
    dev: false
    optional: true

  /hono@4.13.2:
    resolution: {integrity: sha512-JydRilDRkYBQMt9qR9U92mXxmbGqsqSn/IKOrh4e7/gEbn+0zSr8igTu0obwJoNGN4sez28DIql7FBHWydoJpA==}
    engines: {node: '>=16.9.0'}
    dev: false

  /isexe@2.0.0:
    resolution: {integrity: sha512-RHxMLp9lnKHGHRng9QFhRCMbYAcVpn69smSGcq3f36xjgVVWThj4qqLbTLlq7Ssj8B+fIQ1EuCEGI2lKsyQeIw==}
    requiresBuild: true
    dev: false
    optional: true

  /jose@6.2.9:
    resolution: {integrity: sha512-XrchZOFZUl/T3vTwRe8XK+cJrGtMF4th1ARnDfwbBXFKThGhlsxEE4Zu03AD/bjJSt/9jT/mxrOCkJWOg77aPA==}
    requiresBuild: true
    dev: false
    optional: true

  /ms@2.1.3:
    resolution: {integrity: sha512-6FlzubTLZG3J2a/NVCAleEhjzq5oxgHyaCU9yYXvcLsvoVaHJq/s5xXI6/XXP6tz7R9xAOtHnSO/tXtF3WRTlA==}
    dev: false

  /openai@7.5.0(ws@8.21.3)(zod@4.4.3):
    resolution: {integrity: sha512-ZbDBz8FSB8Mv8fFYIUvzTFMdV5vl93/octp1MdtK2lfYepSpfv/ewmeugpKz/cwGtFSx+YuUM4NwpZ2P55YiPA==}
    engines: {node: '>=22.0.0'}
    peerDependencies:
      '@aws-sdk/credential-provider-node': '>=3.972.0 <4'
      '@smithy/hash-node': '>=4.3.0 <5'
      '@smithy/signature-v4': '>=5.4.0 <6'
      ws: ^8.18.0
      zod: ^3.25 || ^4.0
    peerDependenciesMeta:
      '@aws-sdk/credential-provider-node':
        optional: true
      '@smithy/hash-node':
        optional: true
      '@smithy/signature-v4':
        optional: true
      ws:
        optional: true
      zod:
        optional: true
    dependencies:
      ws: 8.21.3
      zod: 4.4.3
    dev: false

  /path-key@3.1.1:
    resolution: {integrity: sha512-ojmeN0qd+y0jszEtoY48r0Peq5dwMEkIlCOu6Q5f41lfkswXuKtYrhgoTpLnyIcHm24Uhqx+5Tqm2InSwLhE6Q==}
    engines: {node: '>=8'}
    requiresBuild: true
    dev: false
    optional: true

  /pg-cloudflare@1.4.0:
    resolution: {integrity: sha512-Vo7z/6rrQYxpNRylp4Tlob2elzbh+N/MOQbxFVWCxS7oEx6jF53GTJFxK2WWpKuBRkmiin4Mt+xofFDjx09R0A==}
    requiresBuild: true
    optional: true

  /pg-connection-string@2.14.0:
    resolution: {integrity: sha512-XwWDGcLRGCXAR8F/AM5bG7Q+A3Wm2s6QeEjlOKZLlH3UYcguiqCWKyWXVag5TLTIjR7oOJUY8kcADaZgWPyLeg==}

  /pg-int8@1.0.1:
    resolution: {integrity: sha512-WCtabS6t3c8SkpDBUlb1kjOs7l66xsGdKpIPZsg4wR+B3+u9UAum2odSsF9tnvxg80h4ZxLWMy4pRjOsFIqQpw==}
    engines: {node: '>=4.0.0'}

  /pg-pool@3.14.0(pg@8.23.0):
    resolution: {integrity: sha512-gKtPkFdQPU3DksooVLi9LsjZxrsBUZIpa+7aVx+LV5pNh0KzP4Zleud2po+ConrxbuXGBJ6Hfer6hdgpIBpBaw==}
    peerDependencies:
      pg: '>=8.0'
    dependencies:
      pg: 8.23.0

  /pg-protocol@1.16.0:
    resolution: {integrity: sha512-sILXutLVjCLjcDuOmvhX5e2Z4cS5qG/6Bu3VkpFwdf/633ElGLpEh9bgmuI5I4sqKqkifQiGyiCcx1HdtrK7tg==}

  /pg-types@2.2.0:
    resolution: {integrity: sha512-qTAAlrEsl8s4OiEQY69wDvcMIdQN6wdz5ojQiOy6YRMuynxenON0O5oCpJI6lshc6scgAY8qvJ2On/p+CXY0GA==}
    engines: {node: '>=4'}
    dependencies:
      pg-int8: 1.0.1
      postgres-array: 2.0.0
      postgres-bytea: 1.0.1
      postgres-date: 1.0.7
      postgres-interval: 1.2.0

  /pg@8.23.0:
    resolution: {integrity: sha512-Ip2EQCngowJLGOfCwkFhPXU7/ljlhn6Rxlmy4XYfL2Y+vyRM59+8uR2xqRWKdYmbXmxCFOAmKxBuSUCdF34qLg==}
    engines: {node: '>= 16.0.0'}
    peerDependencies:
      pg-native: '>=3.0.1'
    peerDependenciesMeta:
      pg-native:
        optional: true
    dependencies:
      pg-connection-string: 2.14.0
      pg-pool: 3.14.0(pg@8.23.0)
      pg-protocol: 1.16.0
      pg-types: 2.2.0
      pgpass: 1.0.5
    optionalDependencies:
      pg-cloudflare: 1.4.0

  /pgpass@1.0.5:
    resolution: {integrity: sha512-FdW9r/jQZhSeohs1Z3sI1yxFQNFvMcnmfuj4WBMUTxOrAyLMaTcE1aAMBiTlbMNaXvBCQuVi0R7hd8udDSP7ug==}
    dependencies:
      split2: 4.2.0

  /pkce-challenge@5.0.1:
    resolution: {integrity: sha512-wQ0b/W4Fr01qtpHlqSqspcj3EhBvimsdh0KlHhH8HRZnMsEa0ea2fTULOXOS9ccQr3om+GcGRk4e+isrZWV8qQ==}
    engines: {node: '>=16.20.0'}
    requiresBuild: true
    dev: false
    optional: true

  /postgres-array@2.0.0:
    resolution: {integrity: sha512-VpZrUqU5A69eQyW2c5CA1jtLecCsN2U/bD6VilrFDWq5+5UIEVO7nazS3TEcHf1zuPYO/sqGvUvW62g86RXZuA==}
    engines: {node: '>=4'}

  /postgres-bytea@1.0.1:
    resolution: {integrity: sha512-5+5HqXnsZPE65IJZSMkZtURARZelel2oXUEO8rH83VS/hxH5vv1uHquPg5wZs8yMAfdv971IU+kcPUczi7NVBQ==}
    engines: {node: '>=0.10.0'}

  /postgres-date@1.0.7:
    resolution: {integrity: sha512-suDmjLVQg78nMK2UZ454hAG+OAW+HQPZ6n++TNDUX+L0+uUlLywnoxJKDou51Zm+zTCjrCl0Nq6J9C5hP9vK/Q==}
    engines: {node: '>=0.10.0'}

  /postgres-interval@1.2.0:
    resolution: {integrity: sha512-9ZhXKM/rw350N1ovuWHbGxnGh/SNJ4cnxHiM0rxE4VN41wsg8P8zWn9hv/buK00RP4WvlOyr/RBDiptyxVbkZQ==}
    engines: {node: '>=0.10.0'}
    dependencies:
      xtend: 4.0.2

  /prettier@3.9.4:
    resolution: {integrity: sha512-yWG/o/4oJfo036EKAfK6ACAoDOfHeRHx4tuxkfBZiauURiaSmYwlpOr5LQqKtIkRD2z1PLteme2WoxEnj4tHTg==}
    engines: {node: '>=14'}
    hasBin: true
    dev: true

  /semver@7.8.5:
    resolution: {integrity: sha512-Y7/KDsb8LjooZpwaqGyulO6DQlksgCncchHGk+sZIY4SBvUocMBEFH5Ur1fI4dV+Jvl0w6cjvucaIi40puRioA==}
    engines: {node: '>=10'}
    hasBin: true
    dev: true

  /shebang-command@2.0.0:
    resolution: {integrity: sha512-kHxr2zZpYtdmrN1qDjrrX/Z1rR1kG8Dx+gkpK1G4eXmvXswmcE1hTWBWYUzlraYw1/yZp6YuDY77YtvbN0dmDA==}
    engines: {node: '>=8'}
    requiresBuild: true
    dependencies:
      shebang-regex: 3.0.0
    dev: false
    optional: true

  /shebang-regex@3.0.0:
    resolution: {integrity: sha512-7++dFhtcx3353uBaq8DDR4NuxBetBzC7ZQOhmTQInHEd6bSrXdiEyzCvG07Z44UYdLShWUyXt5M/yhz8ekcb1A==}
    engines: {node: '>=8'}
    requiresBuild: true
    dev: false
    optional: true

  /split2@4.2.0:
    resolution: {integrity: sha512-UcjcJOWknrNkF6PLX83qcHM6KHgVKNkV62Y8a5uYDVv9ydGQVwAHMKqHdJje1VTWpljG0WYpCDhrCdAOYH4TWg==}
    engines: {node: '>= 10.x'}

  /typescript@5.9.3:
    resolution: {integrity: sha512-jl1vZzPDinLr9eUt3J/t7V6FgNEw9QjvBPdysz9KfQDD41fQrC2Y4vKQdiaUpFT4bXlb1RHhLpp8wtm6M5TgSw==}
    engines: {node: '>=14.17'}
    hasBin: true
    dev: true

  /undici-types@8.3.0:
    resolution: {integrity: sha512-j375ScV60dom+YkPFIfTLcOiPxkN/buHz5GobjLhixFuANaNs3C9l4GmrWqejgXWJ7BbJcFYpTEUkS1Ge8bpZQ==}

  /which@2.0.2:
    resolution: {integrity: sha512-BLI3Tl1TW3Pvl70l3yq3Y64i+awpwXqsGBYWkkqMtnbXgrMD+yj7rhW0kuEDxzJaYXGjEW5ogapKNMEKNMjibA==}
    engines: {node: '>= 8'}
    hasBin: true
    requiresBuild: true
    dependencies:
      isexe: 2.0.0
    dev: false
    optional: true

  /ws@8.21.3:
    resolution: {integrity: sha512-201TZ/kPWxoPr/OKWjquZR1SWKXcvxdH+e1xrx89b3YbmzLMFCLfnaG1HFIgWzJOEWZ7MvpK++odZufgYR50Rw==}
    engines: {node: '>=10.0.0'}
    peerDependencies:
      bufferutil: ^4.0.1
      utf-8-validate: '>=5.0.2'
    peerDependenciesMeta:
      bufferutil:
        optional: true
      utf-8-validate:
        optional: true
    dev: false

  /xtend@4.0.2:
    resolution: {integrity: sha512-LKYU1iAXJXUgAXn9URjiu+MWhyUXHsvfp7mcuYm9dSUKK0/CjtrUwFAxD82/mCWbtLsGjFIad0wIsod4zrTAEQ==}
    engines: {node: '>=0.4'}

  /zod@4.4.3:
    resolution: {integrity: sha512-ytENFjIJFl2UwYglde2jchW2Hwm4GJFLDiSXWdTrJQBIN9Fcyp7n4DhxJEiWNAJMV1/BqWfW/kkg71UDcHJyTQ==}
    dev: false
